
Microsoft Visual Studio Solution File, Format Version 12.00
# Visual Studio Version 17
VisualStudioVersion = 17.8.34408.163
MinimumVisualStudioVersion = 10.0.40219.1
Project("{FAE04EC0-301F-11D3-BF4B-00C04F79EFBC}") = "TetrisWinForms", "TetrisWinForms.csproj", "{A8B1CCA3-31B7-4484-8917-19C84CF79C4E}"
EndProject
Global
	GlobalSection(SolutionConfigurationPlatforms) = preSolution
		Debug|Any CPU = Debug|Any CPU
		Release|Any CPU = Release|Any CPU
	EndGlobalSection
	GlobalSection(ProjectConfigurationPlatforms) = postSolution
		{A8B1CCA3-31B7-4484-8917-19C84CF79C4E}.Debug|Any CPU.ActiveCfg = Debug|Any CPU
		{A8B1CCA3-31B7-4484-8917-19C84CF79C4E}.Debug|Any CPU.Build.0 = Debug|Any CPU
		{A8B1CCA3-31B7-4484-8917-19C84CF79C4E}.Release|Any CPU.ActiveCfg = Release|Any CPU
		{A8B1CCA3-31B7-4484-8917-19C84CF79C4E}.Release|Any CPU.Build.0 = Release|Any CPU
	EndGlobalSection
	GlobalSection(SolutionProperties) = preSolution
		HideSolutionNode = FALSE
	EndGlobalSection
	GlobalSection(ExtensibilityGlobals) = postSolution
		SolutionGuid = {418EA778-0015-4872-AD81-5C65B460015F}
	EndGlobalSection
EndGlobal
